
Microsoft Visual Studio Solution File, Format Version 12.00
# Visual Studio Version 17
VisualStudioVersion = 17.10.35013.160
MinimumVisualStudioVersion = 10.0.40219.1
Project("{FAE04EC0-301F-11D3-BF4B-00C04F79EFBC}") = "autoria-api", "autoria-api\autoria-api.csproj", "{F34B25A5-1FAA-412B-8673-1F3D9AD1CA0C}"
EndProject
Global
	GlobalSection(SolutionConfigurationPlatforms) = preSolution
		Debug|Any CPU = Debug|Any CPU
		Release|Any CPU = Release|Any CPU
	EndGlobalSection
	GlobalSection(ProjectConfigurationPlatforms) = postSolution
		{F34B25A5-1FAA-412B-8673-1F3D9AD1CA0C}.Debug|Any CPU.ActiveCfg = Debug|Any CPU
		{F34B25A5-1FAA-412B-8673-1F3D9AD1CA0C}.Debug|Any CPU.Build.0 = Debug|Any CPU
		{F34B25A5-1FAA-412B-8673-1F3D9AD1CA0C}.Release|Any CPU.ActiveCfg = Release|Any CPU
		{F34B25A5-1FAA-412B-8673-1F3D9AD1CA0C}.Release|Any CPU.Build.0 = Release|Any CPU
	EndGlobalSection
	GlobalSection(SolutionProperties) = preSolution
		HideSolutionNode = FALSE
	EndGlobalSection
	GlobalSection(ExtensibilityGlobals) = postSolution
		SolutionGuid = {61BD3FDF-B156-46EF-952D-16E7649149AE}
	EndGlobalSection
EndGlobal
